
Microsoft Visual Studio Solution File, Format Version 12.00
# Visual Studio Version 17
VisualStudioVersion = 17.1.32319.34
MinimumVisualStudioVersion = 10.0.40219.1
Project("{FAE04EC0-301F-11D3-BF4B-00C04F79EFBC}") = "L3LinqToSql", "L3LinqToSql\L3LinqToSql.csproj", "{0D116381-5330-43C6-B05E-EDC6E1C769CF}"
EndProject
Global
	GlobalSection(SolutionConfigurationPlatforms) = preSolution
		Debug|Any CPU = Debug|Any CPU
		Release|Any CPU = Release|Any CPU
	EndGlobalSection
	GlobalSection(ProjectConfigurationPlatforms) = postSolution
		{0D116381-5330-43C6-B05E-EDC6E1C769CF}.Debug|Any CPU.ActiveCfg = Debug|Any CPU
		{0D116381-5330-43C6-B05E-EDC6E1C769CF}.Debug|Any CPU.Build.0 = Debug|Any CPU
		{0D116381-5330-43C6-B05E-EDC6E1C769CF}.Release|Any CPU.ActiveCfg = Release|Any CPU
		{0D116381-5330-43C6-B05E-EDC6E1C769CF}.Release|Any CPU.Build.0 = Release|Any CPU
	EndGlobalSection
	GlobalSection(SolutionProperties) = preSolution
		HideSolutionNode = FALSE
	EndGlobalSection
	GlobalSection(ExtensibilityGlobals) = postSolution
		SolutionGuid = {F345FD71-7AAF-4E38-BFB7-4A16CFDC5600}
	EndGlobalSection
EndGlobal
